
Microsoft Visual Studio Solution File, Format Version 12.00
# Visual Studio Version 16
VisualStudioVersion = 16.0.29905.134
MinimumVisualStudioVersion = 10.0.40219.1
Project("{F184B08F-C81C-45F6-A57F-5ABD9991F28F}") = "FatturaEL.v13", "FatturaEL.v13\FatturaEL.v13.vbproj", "{AA27196E-0A0B-4980-9D67-59230DBA5B7B}"
EndProject
Project("{F184B08F-C81C-45F6-A57F-5ABD9991F28F}") = "GeneraFatturaEL.v13", "GeneraFatturaEL.v13\GeneraFatturaEL.v13.vbproj", "{6EE9F707-2423-4F09-9BCA-4EA3C620FB7D}"
EndProject
Project("{2150E333-8FDC-42A3-9474-1A3956D46DE8}") = "Documentazione", "Documentazione", "{28E18ABC-2DD2-42AF-A9C8-266840F3727A}"
EndProject
Project("{2150E333-8FDC-42A3-9474-1A3956D46DE8}") = "File Dati", "File Dati", "{858BC2F5-E805-4E1F-A5D0-BC027DE93C44}"
	ProjectSection(SolutionItems) = preProject
		Documentazione\File Dati\1.2.1.8.txt = Documentazione\File Dati\1.2.1.8.txt
		Documentazione\File Dati\2.1.1.1.txt = Documentazione\File Dati\2.1.1.1.txt
		Documentazione\File Dati\2.1.1.5.4.txt = Documentazione\File Dati\2.1.1.5.4.txt
		Documentazione\File Dati\2.1.1.5.txt = Documentazione\File Dati\2.1.1.5.txt
		Documentazione\File Dati\2.1.1.7.1.txt = Documentazione\File Dati\2.1.1.7.1.txt
		Documentazione\File Dati\2.1.1.7.7.txt = Documentazione\File Dati\2.1.1.7.7.txt
		Documentazione\File Dati\2.2.1.1.4.txt = Documentazione\File Dati\2.2.1.1.4.txt
		Documentazione\File Dati\2.2.1.14.txt = Documentazione\File Dati\2.2.1.14.txt
		Documentazione\File Dati\2.2.1.2.txt = Documentazione\File Dati\2.2.1.2.txt
		Documentazione\File Dati\2.2.2.2.txt = Documentazione\File Dati\2.2.2.2.txt
		Documentazione\File Dati\2.4.2.2.txt = Documentazione\File Dati\2.4.2.2.txt
	EndProjectSection
EndProject
Project("{2150E333-8FDC-42A3-9474-1A3956D46DE8}") = "Specifiche Tecniche", "Specifiche Tecniche", "{BA5D2620-8B22-4C80-87EC-9EC2BF2B2661}"
	ProjectSection(SolutionItems) = preProject
		Documentazione\Specifiche Tecniche\Allegato_A_Specifiche_tecniche_versione_1.3.pdf = Documentazione\Specifiche Tecniche\Allegato_A_Specifiche_tecniche_versione_1.3.pdf
		Documentazione\Specifiche Tecniche\Rappresentazione_tabellare_tracciato_versione_1.3.pdf = Documentazione\Specifiche Tecniche\Rappresentazione_tabellare_tracciato_versione_1.3.pdf
	EndProjectSection
EndProject
Global
	GlobalSection(SolutionConfigurationPlatforms) = preSolution
		Debug|Any CPU = Debug|Any CPU
		Release|Any CPU = Release|Any CPU
	EndGlobalSection
	GlobalSection(ProjectConfigurationPlatforms) = postSolution
		{AA27196E-0A0B-4980-9D67-59230DBA5B7B}.Debug|Any CPU.ActiveCfg = Debug|Any CPU
		{AA27196E-0A0B-4980-9D67-59230DBA5B7B}.Debug|Any CPU.Build.0 = Debug|Any CPU
		{AA27196E-0A0B-4980-9D67-59230DBA5B7B}.Release|Any CPU.ActiveCfg = Release|Any CPU
		{AA27196E-0A0B-4980-9D67-59230DBA5B7B}.Release|Any CPU.Build.0 = Release|Any CPU
		{6EE9F707-2423-4F09-9BCA-4EA3C620FB7D}.Debug|Any CPU.ActiveCfg = Debug|Any CPU
		{6EE9F707-2423-4F09-9BCA-4EA3C620FB7D}.Debug|Any CPU.Build.0 = Debug|Any CPU
		{6EE9F707-2423-4F09-9BCA-4EA3C620FB7D}.Release|Any CPU.ActiveCfg = Release|Any CPU
		{6EE9F707-2423-4F09-9BCA-4EA3C620FB7D}.Release|Any CPU.Build.0 = Release|Any CPU
	EndGlobalSection
	GlobalSection(SolutionProperties) = preSolution
		HideSolutionNode = FALSE
	EndGlobalSection
	GlobalSection(NestedProjects) = preSolution
		{858BC2F5-E805-4E1F-A5D0-BC027DE93C44} = {28E18ABC-2DD2-42AF-A9C8-266840F3727A}
		{BA5D2620-8B22-4C80-87EC-9EC2BF2B2661} = {28E18ABC-2DD2-42AF-A9C8-266840F3727A}
	EndGlobalSection
	GlobalSection(ExtensibilityGlobals) = postSolution
		SolutionGuid = {89B308BC-16C3-4E21-9787-6AC45A9400D0}
	EndGlobalSection
EndGlobal
